// !$*UTF8*$!
{
	archiveVersion = 1;
	classes = {
	};
	objectVersion = 46;
	objects = {

/* Begin PBXBuildFile section */
		C57C7CC71BC7FD6300530205 /* main.m in Sources */ = {isa = PBXBuildFile; fileRef = C57C7CC61BC7FD6300530205 /* main.m */; };
		C57C7CCA1BC7FD6300530205 /* AppDelegate.m in Sources */ = {isa = PBXBuildFile; fileRef = C57C7CC91BC7FD6300530205 /* AppDelegate.m */; };
		C57C7CCD1BC7FD6300530205 /* FirstViewController.m in Sources */ = {isa = PBXBuildFile; fileRef = C57C7CCC1BC7FD6300530205 /* FirstViewController.m */; };
		C57C7CD01BC7FD6300530205 /* Main.storyboard in Resources */ = {isa = PBXBuildFile; fileRef = C57C7CCE1BC7FD6300530205 /* Main.storyboard */; };
		C57C7CD21BC7FD6300530205 /* Assets.xcassets in Resources */ = {isa = PBXBuildFile; fileRef = C57C7CD11BC7FD6300530205 /* Assets.xcassets */; };
		C57C7CD51BC7FD6300530205 /* LaunchScreen.storyboard in Resources */ = {isa = PBXBuildFile; fileRef = C57C7CD31BC7FD6300530205 /* LaunchScreen.storyboard */; };
		C57C7CDF1BC8976F00530205 /* UITabBar+badge.m in Sources */ = {isa = PBXBuildFile; fileRef = C57C7CDE1BC8976F00530205 /* UITabBar+badge.m */; settings = {ASSET_TAGS = (); }; };
		C57C7CE31BC9134000530205 /* SecViewController.m in Sources */ = {isa = PBXBuildFile; fileRef = C57C7CE21BC9134000530205 /* SecViewController.m */; settings = {ASSET_TAGS = (); }; };
		C57C7CE61BC913C900530205 /* ThirdViewController.m in Sources */ = {isa = PBXBuildFile; fileRef = C57C7CE51BC913C900530205 /* ThirdViewController.m */; settings = {ASSET_TAGS = (); }; };
		C57C7CE91BC9143F00530205 /* FourthViewController.m in Sources */ = {isa = PBXBuildFile; fileRef = C57C7CE81BC9143F00530205 /* FourthViewController.m */; settings = {ASSET_TAGS = (); }; };
		C57C7CEC1BC9169F00530205 /* BaseViewController.m in Sources */ = {isa = PBXBuildFile; fileRef = C57C7CEB1BC9169F00530205 /* BaseViewController.m */; settings = {ASSET_TAGS = (); }; };
/* End PBXBuildFile section */

/* Begin PBXFileReference section */
		C57C7CC21BC7FD6300530205 /* MutTask.app */ = {isa = PBXFileReference; explicitFileType = wrapper.application; includeInIndex = 0; path = MutTask.app; sourceTree = BUILT_PRODUCTS_DIR; };
		C57C7CC61BC7FD6300530205 /* main.m */ = {isa = PBXFileReference; lastKnownFileType = sourcecode.c.objc; path = main.m; sourceTree = "<group>"; };
		C57C7CC81BC7FD6300530205 /* AppDelegate.h */ = {isa = PBXFileReference; lastKnownFileType = sourcecode.c.h; path = AppDelegate.h; sourceTree = "<group>"; };
		C57C7CC91BC7FD6300530205 /* AppDelegate.m */ = {isa = PBXFileReference; lastKnownFileType = sourcecode.c.objc; path = AppDelegate.m; sourceTree = "<group>"; };
		C57C7CCB1BC7FD6300530205 /* FirstViewController.h */ = {isa = PBXFileReference; lastKnownFileType = sourcecode.c.h; path = FirstViewController.h; sourceTree = "<group>"; };
		C57C7CCC1BC7FD6300530205 /* FirstViewController.m */ = {isa = PBXFileReference; lastKnownFileType = sourcecode.c.objc; path = FirstViewController.m; sourceTree = "<group>"; };
		C57C7CCF1BC7FD6300530205 /* Base */ = {isa = PBXFileReference; lastKnownFileType = file.storyboard; name = Base; path = Base.lproj/Main.storyboard; sourceTree = "<group>"; };
		C57C7CD11BC7FD6300530205 /* Assets.xcassets */ = {isa = PBXFileReference; lastKnownFileType = folder.assetcatalog; path = Assets.xcassets; sourceTree = "<group>"; };
		C57C7CD41BC7FD6300530205 /* Base */ = {isa = PBXFileReference; lastKnownFileType = file.storyboard; name = Base; path = Base.lproj/LaunchScreen.storyboard; sourceTree = "<group>"; };
		C57C7CD61BC7FD6300530205 /* Info.plist */ = {isa = PBXFileReference; lastKnownFileType = text.plist.xml; path = Info.plist; sourceTree = "<group>"; };
		C57C7CDD1BC8976F00530205 /* UITabBar+badge.h */ = {isa = PBXFileReference; fileEncoding = 4; lastKnownFileType = sourcecode.c.h; path = "UITabBar+badge.h"; sourceTree = "<group>"; };
		C57C7CDE1BC8976F00530205 /* UITabBar+badge.m */ = {isa = PBXFileReference; fileEncoding = 4; lastKnownFileType = sourcecode.c.objc; path = "UITabBar+badge.m"; sourceTree = "<group>"; };
		C57C7CE11BC9134000530205 /* SecViewController.h */ = {isa = PBXFileReference; fileEncoding = 4; lastKnownFileType = sourcecode.c.h; path = SecViewController.h; sourceTree = "<group>"; };
		C57C7CE21BC9134000530205 /* SecViewController.m */ = {isa = PBXFileReference; fileEncoding = 4; lastKnownFileType = sourcecode.c.objc; path = SecViewController.m; sourceTree = "<group>"; };
		C57C7CE41BC913C900530205 /* ThirdViewController.h */ = {isa = PBXFileReference; fileEncoding = 4; lastKnownFileType = sourcecode.c.h; path = ThirdViewController.h; sourceTree = "<group>"; };
		C57C7CE51BC913C900530205 /* ThirdViewController.m */ = {isa = PBXFileReference; fileEncoding = 4; lastKnownFileType = sourcecode.c.objc; path = ThirdViewController.m; sourceTree = "<group>"; };
		C57C7CE71BC9143F00530205 /* FourthViewController.h */ = {isa = PBXFileReference; fileEncoding = 4; lastKnownFileType = sourcecode.c.h; path = FourthViewController.h; sourceTree = "<group>"; };
		C57C7CE81BC9143F00530205 /* FourthViewController.m */ = {isa = PBXFileReference; fileEncoding = 4; lastKnownFileType = sourcecode.c.objc; path = FourthViewController.m; sourceTree = "<group>"; };
		C57C7CEA1BC9169F00530205 /* BaseViewController.h */ = {isa = PBXFileReference; fileEncoding = 4; lastKnownFileType = sourcecode.c.h; path = BaseViewController.h; sourceTree = "<group>"; };
		C57C7CEB1BC9169F00530205 /* BaseViewController.m */ = {isa = PBXFileReference; fileEncoding = 4; lastKnownFileType = sourcecode.c.objc; path = BaseViewController.m; sourceTree = "<group>"; };
/* End PBXFileReference section */

/* Begin PBXFrameworksBuildPhase section */
		C57C7CBF1BC7FD6300530205 /* Frameworks */ = {
			isa = PBXFrameworksBuildPhase;
			buildActionMask = 2147483647;
			files = (
			);
			runOnlyForDeploymentPostprocessing = 0;
		};
/* End PBXFrameworksBuildPhase section */

/* Begin PBXGroup section */
		C57C7CB91BC7FD6300530205 = {
			isa = PBXGroup;
			children = (
				C57C7CC41BC7FD6300530205 /* MutTask */,
				C57C7CC31BC7FD6300530205 /* Products */,
			);
			sourceTree = "<group>";
		};
		C57C7CC31BC7FD6300530205 /* Products */ = {
			isa = PBXGroup;
			children = (
				C57C7CC21BC7FD6300530205 /* MutTask.app */,
			);
			name = Products;
			sourceTree = "<group>";
		};
		C57C7CC41BC7FD6300530205 /* MutTask */ = {
			isa = PBXGroup;
			children = (
				C57C7CE01BC912FA00530205 /* Controller */,
				C57C7CDC1BC8973E00530205 /* UI */,
				C57C7CC81BC7FD6300530205 /* AppDelegate.h */,
				C57C7CC91BC7FD6300530205 /* AppDelegate.m */,
				C57C7CCE1BC7FD6300530205 /* Main.storyboard */,
				C57C7CD11BC7FD6300530205 /* Assets.xcassets */,
				C57C7CD31BC7FD6300530205 /* LaunchScreen.storyboard */,
				C57C7CD61BC7FD6300530205 /* Info.plist */,
				C57C7CC51BC7FD6300530205 /* Supporting Files */,
			);
			path = MutTask;
			sourceTree = "<group>";
		};
		C57C7CC51BC7FD6300530205 /* Supporting Files */ = {
			isa = PBXGroup;
			children = (
				C57C7CC61BC7FD6300530205 /* main.m */,
			);
			name = "Supporting Files";
			sourceTree = "<group>";
		};
		C57C7CDC1BC8973E00530205 /* UI */ = {
			isa = PBXGroup;
			children = (
				C57C7CDD1BC8976F00530205 /* UITabBar+badge.h */,
				C57C7CDE1BC8976F00530205 /* UITabBar+badge.m */,
			);
			name = UI;
			sourceTree = "<group>";
		};
		C57C7CE01BC912FA00530205 /* Controller */ = {
			isa = PBXGroup;
			children = (
				C57C7CCB1BC7FD6300530205 /* FirstViewController.h */,
				C57C7CCC1BC7FD6300530205 /* FirstViewController.m */,
				C57C7CE11BC9134000530205 /* SecViewController.h */,
				C57C7CE21BC9134000530205 /* SecViewController.m */,
				C57C7CE41BC913C900530205 /* ThirdViewController.h */,
				C57C7CE51BC913C900530205 /* ThirdViewController.m */,
				C57C7CE71BC9143F00530205 /* FourthViewController.h */,
				C57C7CE81BC9143F00530205 /* FourthViewController.m */,
				C57C7CEA1BC9169F00530205 /* BaseViewController.h */,
				C57C7CEB1BC9169F00530205 /* BaseViewController.m */,
			);
			name = Controller;
			sourceTree = "<group>";
		};
/* End PBXGroup section */

/* Begin PBXNativeTarget section */
		C57C7CC11BC7FD6300530205 /* MutTask */ = {
			isa = PBXNativeTarget;
			buildConfigurationList = C57C7CD91BC7FD6300530205 /* Build configuration list for PBXNativeTarget "MutTask" */;
			buildPhases = (
				C57C7CBE1BC7FD6300530205 /* Sources */,
				C57C7CBF1BC7FD6300530205 /* Frameworks */,
				C57C7CC01BC7FD6300530205 /* Resources */,
			);
			buildRules = (
			);
			dependencies = (
			);
			name = MutTask;
			productName = MutTask;
			productReference = C57C7CC21BC7FD6300530205 /* MutTask.app */;
			productType = "com.apple.product-type.application";
		};
/* End PBXNativeTarget section */

/* Begin PBXProject section */
		C57C7CBA1BC7FD6300530205 /* Project object */ = {
			isa = PBXProject;
			attributes = {
				LastUpgradeCheck = 0700;
				ORGANIZATIONNAME = "周景隆";
				TargetAttributes = {
					C57C7CC11BC7FD6300530205 = {
						CreatedOnToolsVersion = 7.0.1;
						DevelopmentTeam = C9UVWT28PR;
					};
				};
			};
			buildConfigurationList = C57C7CBD1BC7FD6300530205 /* Build configuration list for PBXProject "MutTask" */;
			compatibilityVersion = "Xcode 3.2";
			developmentRegion = English;
			hasScannedForEncodings = 0;
			knownRegions = (
				en,
				Base,
			);
			mainGroup = C57C7CB91BC7FD6300530205;
			productRefGroup = C57C7CC31BC7FD6300530205 /* Products */;
			projectDirPath = "";
			projectRoot = "";
			targets = (
				C57C7CC11BC7FD6300530205 /* MutTask */,
			);
		};
/* End PBXProject section */

/* Begin PBXResourcesBuildPhase section */
		C57C7CC01BC7FD6300530205 /* Resources */ = {
			isa = PBXResourcesBuildPhase;
			buildActionMask = 2147483647;
			files = (
				C57C7CD51BC7FD6300530205 /* LaunchScreen.storyboard in Resources */,
				C57C7CD21BC7FD6300530205 /* Assets.xcassets in Resources */,
				C57C7CD01BC7FD6300530205 /* Main.storyboard in Resources */,
			);
			runOnlyForDeploymentPostprocessing = 0;
		};
/* End PBXResourcesBuildPhase section */

/* Begin PBXSourcesBuildPhase section */
		C57C7CBE1BC7FD6300530205 /* Sources */ = {
			isa = PBXSourcesBuildPhase;
			buildActionMask = 2147483647;
			files = (
				C57C7CCD1BC7FD6300530205 /* FirstViewController.m in Sources */,
				C57C7CCA1BC7FD6300530205 /* AppDelegate.m in Sources */,
				C57C7CEC1BC9169F00530205 /* BaseViewController.m in Sources */,
				C57C7CE31BC9134000530205 /* SecViewController.m in Sources */,
				C57C7CE61BC913C900530205 /* ThirdViewController.m in Sources */,
				C57C7CE91BC9143F00530205 /* FourthViewController.m in Sources */,
				C57C7CC71BC7FD6300530205 /* main.m in Sources */,
				C57C7CDF1BC8976F00530205 /* UITabBar+badge.m in Sources */,
			);
			runOnlyForDeploymentPostprocessing = 0;
		};
/* End PBXSourcesBuildPhase section */

/* Begin PBXVariantGroup section */
		C57C7CCE1BC7FD6300530205 /* Main.storyboard */ = {
			isa = PBXVariantGroup;
			children = (
				C57C7CCF1BC7FD6300530205 /* Base */,
			);
			name = Main.storyboard;
			sourceTree = "<group>";
		};
		C57C7CD31BC7FD6300530205 /* LaunchScreen.storyboard */ = {
			isa = PBXVariantGroup;
			children = (
				C57C7CD41BC7FD6300530205 /* Base */,
			);
			name = LaunchScreen.storyboard;
			sourceTree = "<group>";
		};
/* End PBXVariantGroup section */

/* Begin XCBuildConfiguration section */
		C57C7CD71BC7FD6300530205 /* Debug */ = {
			isa = XCBuildConfiguration;
			buildSettings = {
				ALWAYS_SEARCH_USER_PATHS = NO;
				CLANG_CXX_LANGUAGE_STANDARD = "gnu++0x";
				CLANG_CXX_LIBRARY = "libc++";
				CLANG_ENABLE_MODULES = YES;
				CLANG_ENABLE_OBJC_ARC = YES;
				CLANG_WARN_BOOL_CONVERSION = YES;
				CLANG_WARN_CONSTANT_CONVERSION = YES;
				CLANG_WARN_DIRECT_OBJC_ISA_USAGE = YES_ERROR;
				CLANG_WARN_EMPTY_BODY = YES;
				CLANG_WARN_ENUM_CONVERSION = YES;
				CLANG_WARN_INT_CONVERSION = YES;
				CLANG_WARN_OBJC_ROOT_CLASS = YES_ERROR;
				CLANG_WARN_UNREACHABLE_CODE = YES;
				CLANG_WARN__DUPLICATE_METHOD_MATCH = YES;
				"CODE_SIGN_IDENTITY[sdk=iphoneos*]" = "iPhone Developer";
				COPY_PHASE_STRIP = NO;
				DEBUG_INFORMATION_FORMAT = dwarf;
				ENABLE_STRICT_OBJC_MSGSEND = YES;
				ENABLE_TESTABILITY = YES;
				GCC_C_LANGUAGE_STANDARD = gnu99;
				GCC_DYNAMIC_NO_PIC = NO;
				GCC_NO_COMMON_BLOCKS = YES;
				GCC_OPTIMIZATION_LEVEL = 0;
				GCC_PREPROCESSOR_DEFINITIONS = (
					"DEBUG=1",
					"$(inherited)",
				);
				GCC_WARN_64_TO_32_BIT_CONVERSION = YES;
				GCC_WARN_ABOUT_RETURN_TYPE = YES_ERROR;
				GCC_WARN_UNDECLARED_SELECTOR = YES;
				GCC_WARN_UNINITIALIZED_AUTOS = YES_AGGRESSIVE;
				GCC_WARN_UNUSED_FUNCTION = YES;
				GCC_WARN_UNUSED_VARIABLE = YES;
				IPHONEOS_DEPLOYMENT_TARGET = 9.0;
				MTL_ENABLE_DEBUG_INFO = YES;
				ONLY_ACTIVE_ARCH = YES;
				SDKROOT = iphoneos;
				TARGETED_DEVICE_FAMILY = "1,2";
			};
			name = Debug;
		};
		C57C7CD81BC7FD6300530205 /* Release */ = {
			isa = XCBuildConfiguration;
			buildSettings = {
				ALWAYS_SEARCH_USER_PATHS = NO;
				CLANG_CXX_LANGUAGE_STANDARD = "gnu++0x";
				CLANG_CXX_LIBRARY = "libc++";
				CLANG_ENABLE_MODULES = YES;
				CLANG_ENABLE_OBJC_ARC = YES;
				CLANG_WARN_BOOL_CONVERSION = YES;
				CLANG_WARN_CONSTANT_CONVERSION = YES;
				CLANG_WARN_DIRECT_OBJC_ISA_USAGE = YES_ERROR;
				CLANG_WARN_EMPTY_BODY = YES;
				CLANG_WARN_ENUM_CONVERSION = YES;
				CLANG_WARN_INT_CONVERSION = YES;
				CLANG_WARN_OBJC_ROOT_CLASS = YES_ERROR;
				CLANG_WARN_UNREACHABLE_CODE = YES;
				CLANG_WARN__DUPLICATE_METHOD_MATCH = YES;
				"CODE_SIGN_IDENTITY[sdk=iphoneos*]" = "iPhone Developer";
				COPY_PHASE_STRIP = NO;
				DEBUG_INFORMATION_FORMAT = "dwarf-with-dsym";
				ENABLE_NS_ASSERTIONS = NO;
				ENABLE_STRICT_OBJC_MSGSEND = YES;
				GCC_C_LANGUAGE_STANDARD = gnu99;
				GCC_NO_COMMON_BLOCKS = YES;
				GCC_WARN_64_TO_32_BIT_CONVERSION = YES;
				GCC_WARN_ABOUT_RETURN_TYPE = YES_ERROR;
				GCC_WARN_UNDECLARED_SELECTOR = YES;
				GCC_WARN_UNINITIALIZED_AUTOS = YES_AGGRESSIVE;
				GCC_WARN_UNUSED_FUNCTION = YES;
				GCC_WARN_UNUSED_VARIABLE = YES;
				IPHONEOS_DEPLOYMENT_TARGET = 9.0;
				MTL_ENABLE_DEBUG_INFO = NO;
				SDKROOT = iphoneos;
				TARGETED_DEVICE_FAMILY = "1,2";
				VALIDATE_PRODUCT = YES;
			};
			name = Release;
		};
		C57C7CDA1BC7FD6300530205 /* Debug */ = {
			isa = XCBuildConfiguration;
			buildSettings = {
				ASSETCATALOG_COMPILER_APPICON_NAME = AppIcon;
				CODE_SIGN_IDENTITY = "iPhone Developer";
				INFOPLIST_FILE = MutTask/Info.plist;
				LD_RUNPATH_SEARCH_PATHS = "$(inherited) @executable_path/Frameworks";
				PRODUCT_BUNDLE_IDENTIFIER = sui517.MutTask;
				PRODUCT_NAME = "$(TARGET_NAME)";
			};
			name = Debug;
		};
		C57C7CDB1BC7FD6300530205 /* Release */ = {
			isa = XCBuildConfiguration;
			buildSettings = {
				ASSETCATALOG_COMPILER_APPICON_NAME = AppIcon;
				CODE_SIGN_IDENTITY = "iPhone Developer";
				INFOPLIST_FILE = MutTask/Info.plist;
				LD_RUNPATH_SEARCH_PATHS = "$(inherited) @executable_path/Frameworks";
				PRODUCT_BUNDLE_IDENTIFIER = sui517.MutTask;
				PRODUCT_NAME = "$(TARGET_NAME)";
			};
			name = Release;
		};
/* End XCBuildConfiguration section */

/* Begin XCConfigurationList section */
		C57C7CBD1BC7FD6300530205 /* Build configuration list for PBXProject "MutTask" */ = {
			isa = XCConfigurationList;
			buildConfigurations = (
				C57C7CD71BC7FD6300530205 /* Debug */,
				C57C7CD81BC7FD6300530205 /* Release */,
			);
			defaultConfigurationIsVisible = 0;
			defaultConfigurationName = Release;
		};
		C57C7CD91BC7FD6300530205 /* Build configuration list for PBXNativeTarget "MutTask" */ = {
			isa = XCConfigurationList;
			buildConfigurations = (
				C57C7CDA1BC7FD6300530205 /* Debug */,
				C57C7CDB1BC7FD6300530205 /* Release */,
			);
			defaultConfigurationIsVisible = 0;
		};
/* End XCConfigurationList section */
	};
	rootObject = C57C7CBA1BC7FD6300530205 /* Project object */;
}
